
Microsoft Visual Studio Solution File, Format Version 12.00
# Visual Studio Version 17
VisualStudioVersion = 17.9.34728.123
MinimumVisualStudioVersion = 10.0.40219.1
Project("{9A19103F-16F7-4668-BE54-9A1E7A4F7556}") = "KeyBlog.Server", "KeyBlog.Server\KeyBlog.Server.csproj", "{C07ECCCE-7172-4378-989F-A8D92C34AB80}"
EndProject
Project("{54A90642-561A-4BB1-A94E-469ADEE60C69}") = "keyblog.client", "keyblog.client\keyblog.client.esproj", "{6B61CEC8-C516-4872-97E6-3BF584A0CCD1}"
EndProject
Project("{9A19103F-16F7-4668-BE54-9A1E7A4F7556}") = "KeyBlog.Data", "KeyBlog.Data\KeyBlog.Data.csproj", "{51E58F68-A878-4DA3-AB92-B1EE9F5EE56E}"
EndProject
Project("{9A19103F-16F7-4668-BE54-9A1E7A4F7556}") = "KeyBlog.Markdown", "KeyBlog.Markdown\KeyBlog.Markdown.csproj", "{4E9B99A5-854E-4D40-92F4-4D7657A8FD32}"
EndProject
Global
	GlobalSection(SolutionConfigurationPlatforms) = preSolution
		Debug|Any CPU = Debug|Any CPU
		Release|Any CPU = Release|Any CPU
	EndGlobalSection
	GlobalSection(ProjectConfigurationPlatforms) = postSolution
		{C07ECCCE-7172-4378-989F-A8D92C34AB80}.Debug|Any CPU.ActiveCfg = Debug|Any CPU
		{C07ECCCE-7172-4378-989F-A8D92C34AB80}.Debug|Any CPU.Build.0 = Debug|Any CPU
		{C07ECCCE-7172-4378-989F-A8D92C34AB80}.Release|Any CPU.ActiveCfg = Release|Any CPU
		{C07ECCCE-7172-4378-989F-A8D92C34AB80}.Release|Any CPU.Build.0 = Release|Any CPU
		{6B61CEC8-C516-4872-97E6-3BF584A0CCD1}.Debug|Any CPU.ActiveCfg = Debug|Any CPU
		{6B61CEC8-C516-4872-97E6-3BF584A0CCD1}.Debug|Any CPU.Build.0 = Debug|Any CPU
		{6B61CEC8-C516-4872-97E6-3BF584A0CCD1}.Debug|Any CPU.Deploy.0 = Debug|Any CPU
		{6B61CEC8-C516-4872-97E6-3BF584A0CCD1}.Release|Any CPU.ActiveCfg = Release|Any CPU
		{6B61CEC8-C516-4872-97E6-3BF584A0CCD1}.Release|Any CPU.Build.0 = Release|Any CPU
		{6B61CEC8-C516-4872-97E6-3BF584A0CCD1}.Release|Any CPU.Deploy.0 = Release|Any CPU
		{51E58F68-A878-4DA3-AB92-B1EE9F5EE56E}.Debug|Any CPU.ActiveCfg = Debug|Any CPU
		{51E58F68-A878-4DA3-AB92-B1EE9F5EE56E}.Debug|Any CPU.Build.0 = Debug|Any CPU
		{51E58F68-A878-4DA3-AB92-B1EE9F5EE56E}.Release|Any CPU.ActiveCfg = Release|Any CPU
		{51E58F68-A878-4DA3-AB92-B1EE9F5EE56E}.Release|Any CPU.Build.0 = Release|Any CPU
		{4E9B99A5-854E-4D40-92F4-4D7657A8FD32}.Debug|Any CPU.ActiveCfg = Debug|Any CPU
		{4E9B99A5-854E-4D40-92F4-4D7657A8FD32}.Debug|Any CPU.Build.0 = Debug|Any CPU
		{4E9B99A5-854E-4D40-92F4-4D7657A8FD32}.Release|Any CPU.ActiveCfg = Release|Any CPU
		{4E9B99A5-854E-4D40-92F4-4D7657A8FD32}.Release|Any CPU.Build.0 = Release|Any CPU
	EndGlobalSection
	GlobalSection(SolutionProperties) = preSolution
		HideSolutionNode = FALSE
	EndGlobalSection
	GlobalSection(ExtensibilityGlobals) = postSolution
		SolutionGuid = {D16DD279-C127-4B2C-8D3C-1AF1DAECACB6}
	EndGlobalSection
EndGlobal
